
Microsoft Visual Studio Solution File, Format Version 12.00
# Visual Studio Version 17
VisualStudioVersion = 17.14.36414.22 d17.14
MinimumVisualStudioVersion = 10.0.40219.1
Project("{FAE04EC0-301F-11D3-BF4B-00C04F79EFBC}") = "DS4C#.7", "DS4C#.7\DS4C#.7.csproj", "{3099D826-3D99-426C-A979-79ABD9E38485}"
EndProject
Global
	GlobalSection(SolutionConfigurationPlatforms) = preSolution
		Debug|Any CPU = Debug|Any CPU
		Release|Any CPU = Release|Any CPU
	EndGlobalSection
	GlobalSection(ProjectConfigurationPlatforms) = postSolution
		{3099D826-3D99-426C-A979-79ABD9E38485}.Debug|Any CPU.ActiveCfg = Debug|Any CPU
		{3099D826-3D99-426C-A979-79ABD9E38485}.Debug|Any CPU.Build.0 = Debug|Any CPU
		{3099D826-3D99-426C-A979-79ABD9E38485}.Release|Any CPU.ActiveCfg = Release|Any CPU
		{3099D826-3D99-426C-A979-79ABD9E38485}.Release|Any CPU.Build.0 = Release|Any CPU
	EndGlobalSection
	GlobalSection(SolutionProperties) = preSolution
		HideSolutionNode = FALSE
	EndGlobalSection
	GlobalSection(ExtensibilityGlobals) = postSolution
		SolutionGuid = {E56865B3-A88E-40E1-A645-20BB54F50984}
	EndGlobalSection
EndGlobal
