
Microsoft Visual Studio Solution File, Format Version 12.00
# Visual Studio Version 17
VisualStudioVersion = 17.14.36414.22 d17.14
MinimumVisualStudioVersion = 10.0.40219.1
Project("{FAE04EC0-301F-11D3-BF4B-00C04F79EFBC}") = "Practica_String", "Practica_String\Practica_String.csproj", "{3B7FC473-41F8-44CE-841D-2DEA3C4D60FE}"
EndProject
Global
	GlobalSection(SolutionConfigurationPlatforms) = preSolution
		Debug|Any CPU = Debug|Any CPU
		Release|Any CPU = Release|Any CPU
	EndGlobalSection
	GlobalSection(ProjectConfigurationPlatforms) = postSolution
		{3B7FC473-41F8-44CE-841D-2DEA3C4D60FE}.Debug|Any CPU.ActiveCfg = Debug|Any CPU
		{3B7FC473-41F8-44CE-841D-2DEA3C4D60FE}.Debug|Any CPU.Build.0 = Debug|Any CPU
		{3B7FC473-41F8-44CE-841D-2DEA3C4D60FE}.Release|Any CPU.ActiveCfg = Release|Any CPU
		{3B7FC473-41F8-44CE-841D-2DEA3C4D60FE}.Release|Any CPU.Build.0 = Release|Any CPU
	EndGlobalSection
	GlobalSection(SolutionProperties) = preSolution
		HideSolutionNode = FALSE
	EndGlobalSection
	GlobalSection(ExtensibilityGlobals) = postSolution
		SolutionGuid = {4425D5FB-DE02-4369-94E2-75DE7C0C4C11}
	EndGlobalSection
EndGlobal
