
Microsoft Visual Studio Solution File, Format Version 12.00
# Visual Studio Version 17
VisualStudioVersion = 17.14.36414.22 d17.14
MinimumVisualStudioVersion = 10.0.40219.1
Project("{FAE04EC0-301F-11D3-BF4B-00C04F79EFBC}") = "POO_P2", "POO_P2\POO_P2.csproj", "{747207B8-3265-4C50-AEE9-DACA286F7B94}"
EndProject
Global
	GlobalSection(SolutionConfigurationPlatforms) = preSolution
		Debug|Any CPU = Debug|Any CPU
		Release|Any CPU = Release|Any CPU
	EndGlobalSection
	GlobalSection(ProjectConfigurationPlatforms) = postSolution
		{747207B8-3265-4C50-AEE9-DACA286F7B94}.Debug|Any CPU.ActiveCfg = Debug|Any CPU
		{747207B8-3265-4C50-AEE9-DACA286F7B94}.Debug|Any CPU.Build.0 = Debug|Any CPU
		{747207B8-3265-4C50-AEE9-DACA286F7B94}.Release|Any CPU.ActiveCfg = Release|Any CPU
		{747207B8-3265-4C50-AEE9-DACA286F7B94}.Release|Any CPU.Build.0 = Release|Any CPU
	EndGlobalSection
	GlobalSection(SolutionProperties) = preSolution
		HideSolutionNode = FALSE
	EndGlobalSection
	GlobalSection(ExtensibilityGlobals) = postSolution
		SolutionGuid = {E60C0C75-72DC-4F49-88A6-34EB21E04801}
	EndGlobalSection
EndGlobal
